
Microsoft Visual Studio Solution File, Format Version 11.00
# Visual Studio 2010
Project("{FAE04EC0-301F-11D3-BF4B-00C04F79EFBC}") = "WpfApplication12", "WpfApplication12\WpfApplication12.csproj", "{0a327fe0-32bc-47bc-8c4a-72d95f2eb191}"
EndProject
Global
	GlobalSection(SolutionConfigurationPlatforms) = preSolution
		Debug|Any CPU = Debug|Any CPU
		Release|Any CPU = Release|Any CPU
	EndGlobalSection
	GlobalSection(ProjectConfigurationPlatforms) = postSolution
		{0A327FE0-32BC-47BC-8C4A-72D95F2EB191}.Debug|Any CPU.ActiveCfg = Debug|Any CPU
		{0A327FE0-32BC-47BC-8C4A-72D95F2EB191}.Debug|Any CPU.Build.0 = Debug|Any CPU
		{0A327FE0-32BC-47BC-8C4A-72D95F2EB191}.Release|Any CPU.ActiveCfg = Release|Any CPU
		{0A327FE0-32BC-47BC-8C4A-72D95F2EB191}.Release|Any CPU.Build.0 = Release|Any CPU
	EndGlobalSection
EndGlobal
