
Microsoft Visual Studio Solution File, Format Version 11.00
# Visual Studio 2010
Project("{FAE04EC0-301F-11D3-BF4B-00C04F79EFBC}") = "WpfApplication10", "WpfApplication10\WpfApplication10.csproj", "{330b5c69-519a-4404-bd7d-8693f86340e5}"
EndProject
Global
	GlobalSection(SolutionConfigurationPlatforms) = preSolution
		Debug|Any CPU = Debug|Any CPU
		Release|Any CPU = Release|Any CPU
	EndGlobalSection
	GlobalSection(ProjectConfigurationPlatforms) = postSolution
		{330B5C69-519A-4404-BD7D-8693F86340E5}.Debug|Any CPU.ActiveCfg = Debug|Any CPU
		{330B5C69-519A-4404-BD7D-8693F86340E5}.Debug|Any CPU.Build.0 = Debug|Any CPU
		{330B5C69-519A-4404-BD7D-8693F86340E5}.Release|Any CPU.ActiveCfg = Release|Any CPU
		{330B5C69-519A-4404-BD7D-8693F86340E5}.Release|Any CPU.Build.0 = Release|Any CPU
	EndGlobalSection
EndGlobal
